{
  "nodes": {
    "flake-compat": {
      "flake": false,
      "locked": {
        "lastModified": 1631705391,
        "narHash": "sha256-PzP6vikNJZiS7yANC6sZWQlIDf4E2MTckvAsJxwV0DQ=",
        "owner": "teto",
        "repo": "flake-compat",
        "rev": "8e15c6e3c0f15d0687a2ab6ae92cc7fab896bfed",
        "type": "github"
      },
      "original": {
        "owner": "teto",
        "ref": "support-packages",
        "repo": "flake-compat",
        "type": "github"
      }
    },
    "flake-utils": {
      "locked": {
        "lastModified": 1634851050,
        "narHash": "sha256-N83GlSGPJJdcqhUxSCS/WwW5pksYf3VP1M13cDRTSVA=",
        "owner": "numtide",
        "repo": "flake-utils",
        "rev": "c91f3de5adaf1de973b797ef7485e441a65b8935",
        "type": "github"
      },
      "original": {
        "owner": "numtide",
        "repo": "flake-utils",
        "type": "github"
      }
    },
    "nixpkgs": {
      "locked": {
        "lastModified": 1636106088,
        "narHash": "sha256-DXeIdGhYkJ/75mwJKjN3ZweEX3WW68cJanbTkdDAexU=",
        "owner": "NixOS",
        "repo": "nixpkgs",
        "rev": "da7b746c54c38b6d8c2f7bc1628231c2581a9b53",
        "type": "github"
      },
      "original": {
        "owner": "NixOS",
        "repo": "nixpkgs",
        "type": "github"
      }
    },
    "root": {
      "inputs": {
        "flake-compat": "flake-compat",
        "flake-utils": "flake-utils",
        "nixpkgs": "nixpkgs"
      }
    }
  },
  "root": "root",
  "version": 7
}
